
Microsoft Visual Studio Solution File, Format Version 12.00
# Visual Studio Version 16
VisualStudioVersion = 16.0.30128.74
MinimumVisualStudioVersion = 10.0.40219.1
Project("{9A19103F-16F7-4668-BE54-9A1E7A4F7556}") = "demo-netcore-angular", "demo-netcore-angular.csproj", "{652EEB61-0B42-4B8A-BCE9-6BDD00EAA76C}"
EndProject
Project("{E53339B2-1760-4266-BCC7-CA923CBCF16C}") = "docker-compose", "docker-compose.dcproj", "{69B1AE96-93D6-49FD-A92E-3484AE80D3B5}"
EndProject
Global
	GlobalSection(SolutionConfigurationPlatforms) = preSolution
		Debug|Any CPU = Debug|Any CPU
		Release|Any CPU = Release|Any CPU
	EndGlobalSection
	GlobalSection(ProjectConfigurationPlatforms) = postSolution
		{652EEB61-0B42-4B8A-BCE9-6BDD00EAA76C}.Debug|Any CPU.ActiveCfg = Debug|Any CPU
		{652EEB61-0B42-4B8A-BCE9-6BDD00EAA76C}.Debug|Any CPU.Build.0 = Debug|Any CPU
		{652EEB61-0B42-4B8A-BCE9-6BDD00EAA76C}.Release|Any CPU.ActiveCfg = Release|Any CPU
		{652EEB61-0B42-4B8A-BCE9-6BDD00EAA76C}.Release|Any CPU.Build.0 = Release|Any CPU
		{69B1AE96-93D6-49FD-A92E-3484AE80D3B5}.Debug|Any CPU.ActiveCfg = Debug|Any CPU
		{69B1AE96-93D6-49FD-A92E-3484AE80D3B5}.Debug|Any CPU.Build.0 = Debug|Any CPU
		{69B1AE96-93D6-49FD-A92E-3484AE80D3B5}.Release|Any CPU.ActiveCfg = Release|Any CPU
		{69B1AE96-93D6-49FD-A92E-3484AE80D3B5}.Release|Any CPU.Build.0 = Release|Any CPU
	EndGlobalSection
	GlobalSection(SolutionProperties) = preSolution
		HideSolutionNode = FALSE
	EndGlobalSection
	GlobalSection(ExtensibilityGlobals) = postSolution
		SolutionGuid = {540B8986-2A2D-4ADC-836C-2C7352E9A522}
	EndGlobalSection
EndGlobal
